
Microsoft Visual Studio Solution File, Format Version 12.00
# Visual Studio Version 17
VisualStudioVersion = 17.13.35931.197
MinimumVisualStudioVersion = 10.0.40219.1
Project("{FAE04EC0-301F-11D3-BF4B-00C04F79EFBC}") = "SistemaVetIng", "SistemaVetIng\SistemaVetIng.csproj", "{6272BE07-6D0C-44EB-9692-80A19F8F92DB}"
EndProject
Project("{FAE04EC0-301F-11D3-BF4B-00C04F79EFBC}") = "PerrosPeligrososApi", "PerrosPeligrososApi\PerrosPeligrososApi.csproj", "{3FFD3E0E-99EC-413D-BB3A-86B766BD761D}"
EndProject
Project("{2150E333-8FDC-42A3-9474-1A3956D46DE8}") = "Test", "Test", "{02EA681E-C7D8-13C7-8484-4AC65E1B71E8}"
EndProject
Project("{FAE04EC0-301F-11D3-BF4B-00C04F79EFBC}") = "SistemaVetIng.Tests", "SistemaVetIng.Tests\SistemaVetIng.Tests.csproj", "{0E85FEAA-CDDD-023A-CD13-9A9FBAE48794}"
EndProject
Project("{2150E333-8FDC-42A3-9474-1A3956D46DE8}") = "Dockerfiles", "Dockerfiles", "{5C1D00ED-EFD0-4DCD-99C5-F4DA950B25D2}"
	ProjectSection(SolutionItems) = preProject
		SistemaVetIng\Dockerfile = SistemaVetIng\Dockerfile
	EndProjectSection
EndProject
Global
	GlobalSection(SolutionConfigurationPlatforms) = preSolution
		Debug|Any CPU = Debug|Any CPU
		Release|Any CPU = Release|Any CPU
	EndGlobalSection
	GlobalSection(ProjectConfigurationPlatforms) = postSolution
		{6272BE07-6D0C-44EB-9692-80A19F8F92DB}.Debug|Any CPU.ActiveCfg = Debug|Any CPU
		{6272BE07-6D0C-44EB-9692-80A19F8F92DB}.Debug|Any CPU.Build.0 = Debug|Any CPU
		{6272BE07-6D0C-44EB-9692-80A19F8F92DB}.Release|Any CPU.ActiveCfg = Release|Any CPU
		{6272BE07-6D0C-44EB-9692-80A19F8F92DB}.Release|Any CPU.Build.0 = Release|Any CPU
		{3FFD3E0E-99EC-413D-BB3A-86B766BD761D}.Debug|Any CPU.ActiveCfg = Debug|Any CPU
		{3FFD3E0E-99EC-413D-BB3A-86B766BD761D}.Debug|Any CPU.Build.0 = Debug|Any CPU
		{3FFD3E0E-99EC-413D-BB3A-86B766BD761D}.Release|Any CPU.ActiveCfg = Release|Any CPU
		{3FFD3E0E-99EC-413D-BB3A-86B766BD761D}.Release|Any CPU.Build.0 = Release|Any CPU
		{0E85FEAA-CDDD-023A-CD13-9A9FBAE48794}.Debug|Any CPU.ActiveCfg = Debug|Any CPU
		{0E85FEAA-CDDD-023A-CD13-9A9FBAE48794}.Debug|Any CPU.Build.0 = Debug|Any CPU
		{0E85FEAA-CDDD-023A-CD13-9A9FBAE48794}.Release|Any CPU.ActiveCfg = Release|Any CPU
		{0E85FEAA-CDDD-023A-CD13-9A9FBAE48794}.Release|Any CPU.Build.0 = Release|Any CPU
	EndGlobalSection
	GlobalSection(SolutionProperties) = preSolution
		HideSolutionNode = FALSE
	EndGlobalSection
	GlobalSection(NestedProjects) = preSolution
		{0E85FEAA-CDDD-023A-CD13-9A9FBAE48794} = {02EA681E-C7D8-13C7-8484-4AC65E1B71E8}
	EndGlobalSection
	GlobalSection(ExtensibilityGlobals) = postSolution
		SolutionGuid = {17786CD4-3A44-48EF-8BC8-8BD3F87A5896}
	EndGlobalSection
EndGlobal
